// !$*UTF8*$!
{
	archiveVersion = 1;
	classes = {
	};
	objectVersion = 56;
	objects = {

/* Begin PBXBuildFile section */
		DE9DE0602C43EE8800A778F5 /* MatchPuzzle.swift in Sources */ = {isa = PBXBuildFile; fileRef = DE9DE05F2C43EE8800A778F5 /* MatchPuzzle.swift */; };
		DE9DE0622C43EE8800A778F5 /* ContentView.swift in Sources */ = {isa = PBXBuildFile; fileRef = DE9DE0612C43EE8800A778F5 /* ContentView.swift */; };
		DE9DE0642C43EE8900A778F5 /* Assets.xcassets in Resources */ = {isa = PBXBuildFile; fileRef = DE9DE0632C43EE8900A778F5 /* Assets.xcassets */; };
		DE9DE0672C43EE8900A778F5 /* Preview Assets.xcassets in Resources */ = {isa = PBXBuildFile; fileRef = DE9DE0662C43EE8900A778F5 /* Preview Assets.xcassets */; };
		DE9DE0712C43EE8900A778F5 /* MatchPuzzleTests.swift in Sources */ = {isa = PBXBuildFile; fileRef = DE9DE0702C43EE8900A778F5 /* MatchPuzzleTests.swift */; };
		DE9DE07B2C43EE8900A778F5 /* MatchPuzzleUITests.swift in Sources */ = {isa = PBXBuildFile; fileRef = DE9DE07A2C43EE8900A778F5 /* MatchPuzzleUITests.swift */; };
		DE9DE07D2C43EE8900A778F5 /* MatchPuzzleUITestsLaunchTests.swift in Sources */ = {isa = PBXBuildFile; fileRef = DE9DE07C2C43EE8900A778F5 /* MatchPuzzleUITestsLaunchTests.swift */; };
		DE9DE08A2C43EF6200A778F5 /* GameScene.swift in Sources */ = {isa = PBXBuildFile; fileRef = DE9DE0892C43EF6200A778F5 /* GameScene.swift */; };
		DE9DE08C2C43F1EA00A778F5 /* Board.swift in Sources */ = {isa = PBXBuildFile; fileRef = DE9DE08B2C43F1EA00A778F5 /* Board.swift */; };
		DE9DE08E2C43F22100A778F5 /* Vector.swift in Sources */ = {isa = PBXBuildFile; fileRef = DE9DE08D2C43F22100A778F5 /* Vector.swift */; };
		DE9DE0902C43FA5F00A778F5 /* BoardTests.swift in Sources */ = {isa = PBXBuildFile; fileRef = DE9DE08F2C43FA5F00A778F5 /* BoardTests.swift */; };
/* End PBXBuildFile section */

/* Begin PBXContainerItemProxy section */
		DE9DE06D2C43EE8900A778F5 /* PBXContainerItemProxy */ = {
			isa = PBXContainerItemProxy;
			containerPortal = DE9DE0542C43EE8800A778F5 /* Project object */;
			proxyType = 1;
			remoteGlobalIDString = DE9DE05B2C43EE8800A778F5;
			remoteInfo = ColTutorial;
		};
		DE9DE0772C43EE8900A778F5 /* PBXContainerItemProxy */ = {
			isa = PBXContainerItemProxy;
			containerPortal = DE9DE0542C43EE8800A778F5 /* Project object */;
			proxyType = 1;
			remoteGlobalIDString = DE9DE05B2C43EE8800A778F5;
			remoteInfo = ColTutorial;
		};
/* End PBXContainerItemProxy section */

/* Begin PBXFileReference section */
		DE9DE05C2C43EE8800A778F5 /* ColTutorial.app */ = {isa = PBXFileReference; explicitFileType = wrapper.application; includeInIndex = 0; path = ColTutorial.app; sourceTree = BUILT_PRODUCTS_DIR; };
		DE9DE05F2C43EE8800A778F5 /* MatchPuzzle.swift */ = {isa = PBXFileReference; lastKnownFileType = sourcecode.swift; path = MatchPuzzle.swift; sourceTree = "<group>"; };
		DE9DE0612C43EE8800A778F5 /* ContentView.swift */ = {isa = PBXFileReference; lastKnownFileType = sourcecode.swift; path = ContentView.swift; sourceTree = "<group>"; };
		DE9DE0632C43EE8900A778F5 /* Assets.xcassets */ = {isa = PBXFileReference; lastKnownFileType = folder.assetcatalog; path = Assets.xcassets; sourceTree = "<group>"; };
		DE9DE0662C43EE8900A778F5 /* Preview Assets.xcassets */ = {isa = PBXFileReference; lastKnownFileType = folder.assetcatalog; path = "Preview Assets.xcassets"; sourceTree = "<group>"; };
		DE9DE06C2C43EE8900A778F5 /* ColTutorialTests.xctest */ = {isa = PBXFileReference; explicitFileType = wrapper.cfbundle; includeInIndex = 0; path = ColTutorialTests.xctest; sourceTree = BUILT_PRODUCTS_DIR; };
		DE9DE0702C43EE8900A778F5 /* MatchPuzzleTests.swift */ = {isa = PBXFileReference; lastKnownFileType = sourcecode.swift; path = MatchPuzzleTests.swift; sourceTree = "<group>"; };
		DE9DE0762C43EE8900A778F5 /* ColTutorialUITests.xctest */ = {isa = PBXFileReference; explicitFileType = wrapper.cfbundle; includeInIndex = 0; path = ColTutorialUITests.xctest; sourceTree = BUILT_PRODUCTS_DIR; };
		DE9DE07A2C43EE8900A778F5 /* MatchPuzzleUITests.swift */ = {isa = PBXFileReference; lastKnownFileType = sourcecode.swift; path = MatchPuzzleUITests.swift; sourceTree = "<group>"; };
		DE9DE07C2C43EE8900A778F5 /* MatchPuzzleUITestsLaunchTests.swift */ = {isa = PBXFileReference; lastKnownFileType = sourcecode.swift; path = MatchPuzzleUITestsLaunchTests.swift; sourceTree = "<group>"; };
		DE9DE0892C43EF6200A778F5 /* GameScene.swift */ = {isa = PBXFileReference; lastKnownFileType = sourcecode.swift; path = GameScene.swift; sourceTree = "<group>"; };
		DE9DE08B2C43F1EA00A778F5 /* Board.swift */ = {isa = PBXFileReference; lastKnownFileType = sourcecode.swift; path = Board.swift; sourceTree = "<group>"; };
		DE9DE08D2C43F22100A778F5 /* Vector.swift */ = {isa = PBXFileReference; lastKnownFileType = sourcecode.swift; path = Vector.swift; sourceTree = "<group>"; };
		DE9DE08F2C43FA5F00A778F5 /* BoardTests.swift */ = {isa = PBXFileReference; lastKnownFileType = sourcecode.swift; path = BoardTests.swift; sourceTree = "<group>"; };
/* End PBXFileReference section */

/* Begin PBXFrameworksBuildPhase section */
		DE9DE0592C43EE8800A778F5 /* Frameworks */ = {
			isa = PBXFrameworksBuildPhase;
			buildActionMask = 2147483647;
			files = (
			);
			runOnlyForDeploymentPostprocessing = 0;
		};
		DE9DE0692C43EE8900A778F5 /* Frameworks */ = {
			isa = PBXFrameworksBuildPhase;
			buildActionMask = 2147483647;
			files = (
			);
			runOnlyForDeploymentPostprocessing = 0;
		};
		DE9DE0732C43EE8900A778F5 /* Frameworks */ = {
			isa = PBXFrameworksBuildPhase;
			buildActionMask = 2147483647;
			files = (
			);
			runOnlyForDeploymentPostprocessing = 0;
		};
/* End PBXFrameworksBuildPhase section */

/* Begin PBXGroup section */
		DE9DE0532C43EE8800A778F5 = {
			isa = PBXGroup;
			children = (
				DE9DE05E2C43EE8800A778F5 /* MatchPuzzle */,
				DE9DE06F2C43EE8900A778F5 /* ColTutorialTests */,
				DE9DE0792C43EE8900A778F5 /* ColTutorialUITests */,
				DE9DE05D2C43EE8800A778F5 /* Products */,
			);
			sourceTree = "<group>";
		};
		DE9DE05D2C43EE8800A778F5 /* Products */ = {
			isa = PBXGroup;
			children = (
				DE9DE05C2C43EE8800A778F5 /* ColTutorial.app */,
				DE9DE06C2C43EE8900A778F5 /* ColTutorialTests.xctest */,
				DE9DE0762C43EE8900A778F5 /* ColTutorialUITests.xctest */,
			);
			name = Products;
			sourceTree = "<group>";
		};
		DE9DE05E2C43EE8800A778F5 /* MatchPuzzle */ = {
			isa = PBXGroup;
			children = (
				DE9DE05F2C43EE8800A778F5 /* MatchPuzzle.swift */,
				DE9DE0612C43EE8800A778F5 /* ContentView.swift */,
				DE9DE0632C43EE8900A778F5 /* Assets.xcassets */,
				DE9DE0652C43EE8900A778F5 /* Preview Content */,
				DE9DE0892C43EF6200A778F5 /* GameScene.swift */,
				DE9DE08B2C43F1EA00A778F5 /* Board.swift */,
				DE9DE08D2C43F22100A778F5 /* Vector.swift */,
			);
			path = MatchPuzzle;
			sourceTree = "<group>";
		};
		DE9DE0652C43EE8900A778F5 /* Preview Content */ = {
			isa = PBXGroup;
			children = (
				DE9DE0662C43EE8900A778F5 /* Preview Assets.xcassets */,
			);
			path = "Preview Content";
			sourceTree = "<group>";
		};
		DE9DE06F2C43EE8900A778F5 /* ColTutorialTests */ = {
			isa = PBXGroup;
			children = (
				DE9DE0702C43EE8900A778F5 /* MatchPuzzleTests.swift */,
				DE9DE08F2C43FA5F00A778F5 /* BoardTests.swift */,
			);
			path = ColTutorialTests;
			sourceTree = "<group>";
		};
		DE9DE0792C43EE8900A778F5 /* ColTutorialUITests */ = {
			isa = PBXGroup;
			children = (
				DE9DE07A2C43EE8900A778F5 /* MatchPuzzleUITests.swift */,
				DE9DE07C2C43EE8900A778F5 /* MatchPuzzleUITestsLaunchTests.swift */,
			);
			path = ColTutorialUITests;
			sourceTree = "<group>";
		};
/* End PBXGroup section */

/* Begin PBXNativeTarget section */
		DE9DE05B2C43EE8800A778F5 /* ColTutorial */ = {
			isa = PBXNativeTarget;
			buildConfigurationList = DE9DE0802C43EE8900A778F5 /* Build configuration list for PBXNativeTarget "ColTutorial" */;
			buildPhases = (
				DE9DE0582C43EE8800A778F5 /* Sources */,
				DE9DE0592C43EE8800A778F5 /* Frameworks */,
				DE9DE05A2C43EE8800A778F5 /* Resources */,
			);
			buildRules = (
			);
			dependencies = (
			);
			name = ColTutorial;
			productName = ColTutorial;
			productReference = DE9DE05C2C43EE8800A778F5 /* ColTutorial.app */;
			productType = "com.apple.product-type.application";
		};
		DE9DE06B2C43EE8900A778F5 /* ColTutorialTests */ = {
			isa = PBXNativeTarget;
			buildConfigurationList = DE9DE0832C43EE8900A778F5 /* Build configuration list for PBXNativeTarget "ColTutorialTests" */;
			buildPhases = (
				DE9DE0682C43EE8900A778F5 /* Sources */,
				DE9DE0692C43EE8900A778F5 /* Frameworks */,
				DE9DE06A2C43EE8900A778F5 /* Resources */,
			);
			buildRules = (
			);
			dependencies = (
				DE9DE06E2C43EE8900A778F5 /* PBXTargetDependency */,
			);
			name = ColTutorialTests;
			productName = ColTutorialTests;
			productReference = DE9DE06C2C43EE8900A778F5 /* ColTutorialTests.xctest */;
			productType = "com.apple.product-type.bundle.unit-test";
		};
		DE9DE0752C43EE8900A778F5 /* ColTutorialUITests */ = {
			isa = PBXNativeTarget;
			buildConfigurationList = DE9DE0862C43EE8900A778F5 /* Build configuration list for PBXNativeTarget "ColTutorialUITests" */;
			buildPhases = (
				DE9DE0722C43EE8900A778F5 /* Sources */,
				DE9DE0732C43EE8900A778F5 /* Frameworks */,
				DE9DE0742C43EE8900A778F5 /* Resources */,
			);
			buildRules = (
			);
			dependencies = (
				DE9DE0782C43EE8900A778F5 /* PBXTargetDependency */,
			);
			name = ColTutorialUITests;
			productName = ColTutorialUITests;
			productReference = DE9DE0762C43EE8900A778F5 /* ColTutorialUITests.xctest */;
			productType = "com.apple.product-type.bundle.ui-testing";
		};
/* End PBXNativeTarget section */

/* Begin PBXProject section */
		DE9DE0542C43EE8800A778F5 /* Project object */ = {
			isa = PBXProject;
			attributes = {
				BuildIndependentTargetsInParallel = 1;
				LastSwiftUpdateCheck = 1540;
				LastUpgradeCheck = 1540;
				TargetAttributes = {
					DE9DE05B2C43EE8800A778F5 = {
						CreatedOnToolsVersion = 15.4;
					};
					DE9DE06B2C43EE8900A778F5 = {
						CreatedOnToolsVersion = 15.4;
						TestTargetID = DE9DE05B2C43EE8800A778F5;
					};
					DE9DE0752C43EE8900A778F5 = {
						CreatedOnToolsVersion = 15.4;
						TestTargetID = DE9DE05B2C43EE8800A778F5;
					};
				};
			};
			buildConfigurationList = DE9DE0572C43EE8800A778F5 /* Build configuration list for PBXProject "ColTutorial" */;
			compatibilityVersion = "Xcode 14.0";
			developmentRegion = en;
			hasScannedForEncodings = 0;
			knownRegions = (
				en,
				Base,
			);
			mainGroup = DE9DE0532C43EE8800A778F5;
			productRefGroup = DE9DE05D2C43EE8800A778F5 /* Products */;
			projectDirPath = "";
			projectRoot = "";
			targets = (
				DE9DE05B2C43EE8800A778F5 /* ColTutorial */,
				DE9DE06B2C43EE8900A778F5 /* ColTutorialTests */,
				DE9DE0752C43EE8900A778F5 /* ColTutorialUITests */,
			);
		};
/* End PBXProject section */

/* Begin PBXResourcesBuildPhase section */
		DE9DE05A2C43EE8800A778F5 /* Resources */ = {
			isa = PBXResourcesBuildPhase;
			buildActionMask = 2147483647;
			files = (
				DE9DE0672C43EE8900A778F5 /* Preview Assets.xcassets in Resources */,
				DE9DE0642C43EE8900A778F5 /* Assets.xcassets in Resources */,
			);
			runOnlyForDeploymentPostprocessing = 0;
		};
		DE9DE06A2C43EE8900A778F5 /* Resources */ = {
			isa = PBXResourcesBuildPhase;
			buildActionMask = 2147483647;
			files = (
			);
			runOnlyForDeploymentPostprocessing = 0;
		};
		DE9DE0742C43EE8900A778F5 /* Resources */ = {
			isa = PBXResourcesBuildPhase;
			buildActionMask = 2147483647;
			files = (
			);
			runOnlyForDeploymentPostprocessing = 0;
		};
/* End PBXResourcesBuildPhase section */

/* Begin PBXSourcesBuildPhase section */
		DE9DE0582C43EE8800A778F5 /* Sources */ = {
			isa = PBXSourcesBuildPhase;
			buildActionMask = 2147483647;
			files = (
				DE9DE08A2C43EF6200A778F5 /* GameScene.swift in Sources */,
				DE9DE0622C43EE8800A778F5 /* ContentView.swift in Sources */,
				DE9DE08E2C43F22100A778F5 /* Vector.swift in Sources */,
				DE9DE08C2C43F1EA00A778F5 /* Board.swift in Sources */,
				DE9DE0602C43EE8800A778F5 /* MatchPuzzle.swift in Sources */,
			);
			runOnlyForDeploymentPostprocessing = 0;
		};
		DE9DE0682C43EE8900A778F5 /* Sources */ = {
			isa = PBXSourcesBuildPhase;
			buildActionMask = 2147483647;
			files = (
				DE9DE0902C43FA5F00A778F5 /* BoardTests.swift in Sources */,
				DE9DE0712C43EE8900A778F5 /* MatchPuzzleTests.swift in Sources */,
			);
			runOnlyForDeploymentPostprocessing = 0;
		};
		DE9DE0722C43EE8900A778F5 /* Sources */ = {
			isa = PBXSourcesBuildPhase;
			buildActionMask = 2147483647;
			files = (
				DE9DE07B2C43EE8900A778F5 /* MatchPuzzleUITests.swift in Sources */,
				DE9DE07D2C43EE8900A778F5 /* MatchPuzzleUITestsLaunchTests.swift in Sources */,
			);
			runOnlyForDeploymentPostprocessing = 0;
		};
/* End PBXSourcesBuildPhase section */

/* Begin PBXTargetDependency section */
		DE9DE06E2C43EE8900A778F5 /* PBXTargetDependency */ = {
			isa = PBXTargetDependency;
			target = DE9DE05B2C43EE8800A778F5 /* ColTutorial */;
			targetProxy = DE9DE06D2C43EE8900A778F5 /* PBXContainerItemProxy */;
		};
		DE9DE0782C43EE8900A778F5 /* PBXTargetDependency */ = {
			isa = PBXTargetDependency;
			target = DE9DE05B2C43EE8800A778F5 /* ColTutorial */;
			targetProxy = DE9DE0772C43EE8900A778F5 /* PBXContainerItemProxy */;
		};
/* End PBXTargetDependency section */

/* Begin XCBuildConfiguration section */
		DE9DE07E2C43EE8900A778F5 /* Debug */ = {
			isa = XCBuildConfiguration;
			buildSettings = {
				ALWAYS_SEARCH_USER_PATHS = NO;
				ASSETCATALOG_COMPILER_GENERATE_SWIFT_ASSET_SYMBOL_EXTENSIONS = YES;
				CLANG_ANALYZER_NONNULL = YES;
				CLANG_ANALYZER_NUMBER_OBJECT_CONVERSION = YES_AGGRESSIVE;
				CLANG_CXX_LANGUAGE_STANDARD = "gnu++20";
				CLANG_ENABLE_MODULES = YES;
				CLANG_ENABLE_OBJC_ARC = YES;
				CLANG_ENABLE_OBJC_WEAK = YES;
				CLANG_WARN_BLOCK_CAPTURE_AUTORELEASING = YES;
				CLANG_WARN_BOOL_CONVERSION = YES;
				CLANG_WARN_COMMA = YES;
				CLANG_WARN_CONSTANT_CONVERSION = YES;
				CLANG_WARN_DEPRECATED_OBJC_IMPLEMENTATIONS = YES;
				CLANG_WARN_DIRECT_OBJC_ISA_USAGE = YES_ERROR;
				CLANG_WARN_DOCUMENTATION_COMMENTS = YES;
				CLANG_WARN_EMPTY_BODY = YES;
				CLANG_WARN_ENUM_CONVERSION = YES;
				CLANG_WARN_INFINITE_RECURSION = YES;
				CLANG_WARN_INT_CONVERSION = YES;
				CLANG_WARN_NON_LITERAL_NULL_CONVERSION = YES;
				CLANG_WARN_OBJC_IMPLICIT_RETAIN_SELF = YES;
				CLANG_WARN_OBJC_LITERAL_CONVERSION = YES;
				CLANG_WARN_OBJC_ROOT_CLASS = YES_ERROR;
				CLANG_WARN_QUOTED_INCLUDE_IN_FRAMEWORK_HEADER = YES;
				CLANG_WARN_RANGE_LOOP_ANALYSIS = YES;
				CLANG_WARN_STRICT_PROTOTYPES = YES;
				CLANG_WARN_SUSPICIOUS_MOVE = YES;
				CLANG_WARN_UNGUARDED_AVAILABILITY = YES_AGGRESSIVE;
				CLANG_WARN_UNREACHABLE_CODE = YES;
				CLANG_WARN__DUPLICATE_METHOD_MATCH = YES;
				COPY_PHASE_STRIP = NO;
				DEBUG_INFORMATION_FORMAT = dwarf;
				ENABLE_STRICT_OBJC_MSGSEND = YES;
				ENABLE_TESTABILITY = YES;
				ENABLE_USER_SCRIPT_SANDBOXING = YES;
				GCC_C_LANGUAGE_STANDARD = gnu17;
				GCC_DYNAMIC_NO_PIC = NO;
				GCC_NO_COMMON_BLOCKS = YES;
				GCC_OPTIMIZATION_LEVEL = 0;
				GCC_PREPROCESSOR_DEFINITIONS = (
					"DEBUG=1",
					"$(inherited)",
				);
				GCC_WARN_64_TO_32_BIT_CONVERSION = YES;
				GCC_WARN_ABOUT_RETURN_TYPE = YES_ERROR;
				GCC_WARN_UNDECLARED_SELECTOR = YES;
				GCC_WARN_UNINITIALIZED_AUTOS = YES_AGGRESSIVE;
				GCC_WARN_UNUSED_FUNCTION = YES;
				GCC_WARN_UNUSED_VARIABLE = YES;
				IPHONEOS_DEPLOYMENT_TARGET = 15.0;
				LOCALIZATION_PREFERS_STRING_CATALOGS = YES;
				MTL_ENABLE_DEBUG_INFO = INCLUDE_SOURCE;
				MTL_FAST_MATH = YES;
				ONLY_ACTIVE_ARCH = YES;
				SDKROOT = iphoneos;
				SWIFT_ACTIVE_COMPILATION_CONDITIONS = "DEBUG $(inherited)";
				SWIFT_OPTIMIZATION_LEVEL = "-Onone";
			};
			name = Debug;
		};
		DE9DE07F2C43EE8900A778F5 /* Release */ = {
			isa = XCBuildConfiguration;
			buildSettings = {
				ALWAYS_SEARCH_USER_PATHS = NO;
				ASSETCATALOG_COMPILER_GENERATE_SWIFT_ASSET_SYMBOL_EXTENSIONS = YES;
				CLANG_ANALYZER_NONNULL = YES;
				CLANG_ANALYZER_NUMBER_OBJECT_CONVERSION = YES_AGGRESSIVE;
				CLANG_CXX_LANGUAGE_STANDARD = "gnu++20";
				CLANG_ENABLE_MODULES = YES;
				CLANG_ENABLE_OBJC_ARC = YES;
				CLANG_ENABLE_OBJC_WEAK = YES;
				CLANG_WARN_BLOCK_CAPTURE_AUTORELEASING = YES;
				CLANG_WARN_BOOL_CONVERSION = YES;
				CLANG_WARN_COMMA = YES;
				CLANG_WARN_CONSTANT_CONVERSION = YES;
				CLANG_WARN_DEPRECATED_OBJC_IMPLEMENTATIONS = YES;
				CLANG_WARN_DIRECT_OBJC_ISA_USAGE = YES_ERROR;
				CLANG_WARN_DOCUMENTATION_COMMENTS = YES;
				CLANG_WARN_EMPTY_BODY = YES;
				CLANG_WARN_ENUM_CONVERSION = YES;
				CLANG_WARN_INFINITE_RECURSION = YES;
				CLANG_WARN_INT_CONVERSION = YES;
				CLANG_WARN_NON_LITERAL_NULL_CONVERSION = YES;
				CLANG_WARN_OBJC_IMPLICIT_RETAIN_SELF = YES;
				CLANG_WARN_OBJC_LITERAL_CONVERSION = YES;
				CLANG_WARN_OBJC_ROOT_CLASS = YES_ERROR;
				CLANG_WARN_QUOTED_INCLUDE_IN_FRAMEWORK_HEADER = YES;
				CLANG_WARN_RANGE_LOOP_ANALYSIS = YES;
				CLANG_WARN_STRICT_PROTOTYPES = YES;
				CLANG_WARN_SUSPICIOUS_MOVE = YES;
				CLANG_WARN_UNGUARDED_AVAILABILITY = YES_AGGRESSIVE;
				CLANG_WARN_UNREACHABLE_CODE = YES;
				CLANG_WARN__DUPLICATE_METHOD_MATCH = YES;
				COPY_PHASE_STRIP = NO;
				DEBUG_INFORMATION_FORMAT = "dwarf-with-dsym";
				ENABLE_NS_ASSERTIONS = NO;
				ENABLE_STRICT_OBJC_MSGSEND = YES;
				ENABLE_USER_SCRIPT_SANDBOXING = YES;
				GCC_C_LANGUAGE_STANDARD = gnu17;
				GCC_NO_COMMON_BLOCKS = YES;
				GCC_WARN_64_TO_32_BIT_CONVERSION = YES;
				GCC_WARN_ABOUT_RETURN_TYPE = YES_ERROR;
				GCC_WARN_UNDECLARED_SELECTOR = YES;
				GCC_WARN_UNINITIALIZED_AUTOS = YES_AGGRESSIVE;
				GCC_WARN_UNUSED_FUNCTION = YES;
				GCC_WARN_UNUSED_VARIABLE = YES;
				IPHONEOS_DEPLOYMENT_TARGET = 15.0;
				LOCALIZATION_PREFERS_STRING_CATALOGS = YES;
				MTL_ENABLE_DEBUG_INFO = NO;
				MTL_FAST_MATH = YES;
				SDKROOT = iphoneos;
				SWIFT_COMPILATION_MODE = wholemodule;
				VALIDATE_PRODUCT = YES;
			};
			name = Release;
		};
		DE9DE0812C43EE8900A778F5 /* Debug */ = {
			isa = XCBuildConfiguration;
			buildSettings = {
				ASSETCATALOG_COMPILER_APPICON_NAME = AppIcon;
				ASSETCATALOG_COMPILER_GLOBAL_ACCENT_COLOR_NAME = AccentColor;
				CODE_SIGN_STYLE = Automatic;
				CURRENT_PROJECT_VERSION = 1;
				DEVELOPMENT_ASSET_PATHS = "\"MatchPuzzleTemp/Preview Content\"";
				DEVELOPMENT_TEAM = 5L79USST22;
				ENABLE_PREVIEWS = YES;
				GENERATE_INFOPLIST_FILE = YES;
				INFOPLIST_KEY_UIApplicationSceneManifest_Generation = YES;
				INFOPLIST_KEY_UIApplicationSupportsIndirectInputEvents = YES;
				INFOPLIST_KEY_UILaunchScreen_Generation = YES;
				INFOPLIST_KEY_UISupportedInterfaceOrientations_iPad = "UIInterfaceOrientationPortrait UIInterfaceOrientationPortraitUpsideDown UIInterfaceOrientationLandscapeLeft UIInterfaceOrientationLandscapeRight";
				INFOPLIST_KEY_UISupportedInterfaceOrientations_iPhone = "UIInterfaceOrientationPortrait UIInterfaceOrientationLandscapeLeft UIInterfaceOrientationLandscapeRight";
				LD_RUNPATH_SEARCH_PATHS = (
					"$(inherited)",
					"@executable_path/Frameworks",
				);
				MARKETING_VERSION = 1.0;
				PRODUCT_BUNDLE_IDENTIFIER = com.tetsuokawakami.MatchPuzzleTemp;
				PRODUCT_NAME = "$(TARGET_NAME)";
				SWIFT_EMIT_LOC_STRINGS = YES;
				SWIFT_VERSION = 5.0;
				TARGETED_DEVICE_FAMILY = "1,2";
			};
			name = Debug;
		};
		DE9DE0822C43EE8900A778F5 /* Release */ = {
			isa = XCBuildConfiguration;
			buildSettings = {
				ASSETCATALOG_COMPILER_APPICON_NAME = AppIcon;
				ASSETCATALOG_COMPILER_GLOBAL_ACCENT_COLOR_NAME = AccentColor;
				CODE_SIGN_STYLE = Automatic;
				CURRENT_PROJECT_VERSION = 1;
				DEVELOPMENT_ASSET_PATHS = "\"MatchPuzzleTemp/Preview Content\"";
				DEVELOPMENT_TEAM = 5L79USST22;
				ENABLE_PREVIEWS = YES;
				GENERATE_INFOPLIST_FILE = YES;
				INFOPLIST_KEY_UIApplicationSceneManifest_Generation = YES;
				INFOPLIST_KEY_UIApplicationSupportsIndirectInputEvents = YES;
				INFOPLIST_KEY_UILaunchScreen_Generation = YES;
				INFOPLIST_KEY_UISupportedInterfaceOrientations_iPad = "UIInterfaceOrientationPortrait UIInterfaceOrientationPortraitUpsideDown UIInterfaceOrientationLandscapeLeft UIInterfaceOrientationLandscapeRight";
				INFOPLIST_KEY_UISupportedInterfaceOrientations_iPhone = "UIInterfaceOrientationPortrait UIInterfaceOrientationLandscapeLeft UIInterfaceOrientationLandscapeRight";
				LD_RUNPATH_SEARCH_PATHS = (
					"$(inherited)",
					"@executable_path/Frameworks",
				);
				MARKETING_VERSION = 1.0;
				PRODUCT_BUNDLE_IDENTIFIER = com.tetsuokawakami.MatchPuzzleTemp;
				PRODUCT_NAME = "$(TARGET_NAME)";
				SWIFT_EMIT_LOC_STRINGS = YES;
				SWIFT_VERSION = 5.0;
				TARGETED_DEVICE_FAMILY = "1,2";
			};
			name = Release;
		};
		DE9DE0842C43EE8900A778F5 /* Debug */ = {
			isa = XCBuildConfiguration;
			buildSettings = {
				ALWAYS_EMBED_SWIFT_STANDARD_LIBRARIES = YES;
				BUNDLE_LOADER = "$(TEST_HOST)";
				CODE_SIGN_STYLE = Automatic;
				CURRENT_PROJECT_VERSION = 1;
				DEVELOPMENT_TEAM = 5L79USST22;
				GENERATE_INFOPLIST_FILE = YES;
				IPHONEOS_DEPLOYMENT_TARGET = 15.0;
				MARKETING_VERSION = 1.0;
				PRODUCT_BUNDLE_IDENTIFIER = com.tetsuokawakami.ColTutorialTests;
				PRODUCT_NAME = "$(TARGET_NAME)";
				SWIFT_EMIT_LOC_STRINGS = NO;
				SWIFT_VERSION = 5.0;
				TARGETED_DEVICE_FAMILY = "1,2";
				TEST_HOST = "$(BUILT_PRODUCTS_DIR)/ColTutorial.app/$(BUNDLE_EXECUTABLE_FOLDER_PATH)/ColTutorial";
			};
			name = Debug;
		};
		DE9DE0852C43EE8900A778F5 /* Release */ = {
			isa = XCBuildConfiguration;
			buildSettings = {
				ALWAYS_EMBED_SWIFT_STANDARD_LIBRARIES = YES;
				BUNDLE_LOADER = "$(TEST_HOST)";
				CODE_SIGN_STYLE = Automatic;
				CURRENT_PROJECT_VERSION = 1;
				DEVELOPMENT_TEAM = 5L79USST22;
				GENERATE_INFOPLIST_FILE = YES;
				IPHONEOS_DEPLOYMENT_TARGET = 15.0;
				MARKETING_VERSION = 1.0;
				PRODUCT_BUNDLE_IDENTIFIER = com.tetsuokawakami.ColTutorialTests;
				PRODUCT_NAME = "$(TARGET_NAME)";
				SWIFT_EMIT_LOC_STRINGS = NO;
				SWIFT_VERSION = 5.0;
				TARGETED_DEVICE_FAMILY = "1,2";
				TEST_HOST = "$(BUILT_PRODUCTS_DIR)/ColTutorial.app/$(BUNDLE_EXECUTABLE_FOLDER_PATH)/ColTutorial";
			};
			name = Release;
		};
		DE9DE0872C43EE8900A778F5 /* Debug */ = {
			isa = XCBuildConfiguration;
			buildSettings = {
				ALWAYS_EMBED_SWIFT_STANDARD_LIBRARIES = YES;
				CODE_SIGN_STYLE = Automatic;
				CURRENT_PROJECT_VERSION = 1;
				DEVELOPMENT_TEAM = 5L79USST22;
				GENERATE_INFOPLIST_FILE = YES;
				MARKETING_VERSION = 1.0;
				PRODUCT_BUNDLE_IDENTIFIER = com.tetsuokawakami.ColTutorialUITests;
				PRODUCT_NAME = "$(TARGET_NAME)";
				SWIFT_EMIT_LOC_STRINGS = NO;
				SWIFT_VERSION = 5.0;
				TARGETED_DEVICE_FAMILY = "1,2";
				TEST_TARGET_NAME = ColTutorial;
			};
			name = Debug;
		};
		DE9DE0882C43EE8900A778F5 /* Release */ = {
			isa = XCBuildConfiguration;
			buildSettings = {
				ALWAYS_EMBED_SWIFT_STANDARD_LIBRARIES = YES;
				CODE_SIGN_STYLE = Automatic;
				CURRENT_PROJECT_VERSION = 1;
				DEVELOPMENT_TEAM = 5L79USST22;
				GENERATE_INFOPLIST_FILE = YES;
				MARKETING_VERSION = 1.0;
				PRODUCT_BUNDLE_IDENTIFIER = com.tetsuokawakami.ColTutorialUITests;
				PRODUCT_NAME = "$(TARGET_NAME)";
				SWIFT_EMIT_LOC_STRINGS = NO;
				SWIFT_VERSION = 5.0;
				TARGETED_DEVICE_FAMILY = "1,2";
				TEST_TARGET_NAME = ColTutorial;
			};
			name = Release;
		};
/* End XCBuildConfiguration section */

/* Begin XCConfigurationList section */
		DE9DE0572C43EE8800A778F5 /* Build configuration list for PBXProject "ColTutorial" */ = {
			isa = XCConfigurationList;
			buildConfigurations = (
				DE9DE07E2C43EE8900A778F5 /* Debug */,
				DE9DE07F2C43EE8900A778F5 /* Release */,
			);
			defaultConfigurationIsVisible = 0;
			defaultConfigurationName = Release;
		};
		DE9DE0802C43EE8900A778F5 /* Build configuration list for PBXNativeTarget "ColTutorial" */ = {
			isa = XCConfigurationList;
			buildConfigurations = (
				DE9DE0812C43EE8900A778F5 /* Debug */,
				DE9DE0822C43EE8900A778F5 /* Release */,
			);
			defaultConfigurationIsVisible = 0;
			defaultConfigurationName = Release;
		};
		DE9DE0832C43EE8900A778F5 /* Build configuration list for PBXNativeTarget "ColTutorialTests" */ = {
			isa = XCConfigurationList;
			buildConfigurations = (
				DE9DE0842C43EE8900A778F5 /* Debug */,
				DE9DE0852C43EE8900A778F5 /* Release */,
			);
			defaultConfigurationIsVisible = 0;
			defaultConfigurationName = Release;
		};
		DE9DE0862C43EE8900A778F5 /* Build configuration list for PBXNativeTarget "ColTutorialUITests" */ = {
			isa = XCConfigurationList;
			buildConfigurations = (
				DE9DE0872C43EE8900A778F5 /* Debug */,
				DE9DE0882C43EE8900A778F5 /* Release */,
			);
			defaultConfigurationIsVisible = 0;
			defaultConfigurationName = Release;
		};
/* End XCConfigurationList section */
	};
	rootObject = DE9DE0542C43EE8800A778F5 /* Project object */;
}
